// !$*UTF8*$!
{
	archiveVersion = 1;
	classes = {
	};
	objectVersion = 50;
	objects = {

/* Begin PBXBuildFile section */
		9C7992A425701B180072BEE2 /* sunshineApp.swift in Sources */ = {isa = PBXBuildFile; fileRef = 9C7992A325701B180072BEE2 /* sunshineApp.swift */; };
		9C7992A625701B180072BEE2 /* ContentView.swift in Sources */ = {isa = PBXBuildFile; fileRef = 9C7992A525701B180072BEE2 /* ContentView.swift */; };
		9C7992A825701B1D0072BEE2 /* Assets.xcassets in Resources */ = {isa = PBXBuildFile; fileRef = 9C7992A725701B1D0072BEE2 /* Assets.xcassets */; };
		9C7992AB25701B1D0072BEE2 /* Preview Assets.xcassets in Resources */ = {isa = PBXBuildFile; fileRef = 9C7992AA25701B1D0072BEE2 /* Preview Assets.xcassets */; };
		9C7992AD25701B1D0072BEE2 /* Persistence.swift in Sources */ = {isa = PBXBuildFile; fileRef = 9C7992AC25701B1D0072BEE2 /* Persistence.swift */; };
		9C7992B025701B1D0072BEE2 /* sunshine.xcdatamodeld in Sources */ = {isa = PBXBuildFile; fileRef = 9C7992AE25701B1D0072BEE2 /* sunshine.xcdatamodeld */; };
		9C7992BB25701B1D0072BEE2 /* sunshineTests.swift in Sources */ = {isa = PBXBuildFile; fileRef = 9C7992BA25701B1D0072BEE2 /* sunshineTests.swift */; };
		9C7992C625701B1D0072BEE2 /* sunshineUITests.swift in Sources */ = {isa = PBXBuildFile; fileRef = 9C7992C525701B1D0072BEE2 /* sunshineUITests.swift */; };
/* End PBXBuildFile section */

/* Begin PBXContainerItemProxy section */
		9C7992B725701B1D0072BEE2 /* PBXContainerItemProxy */ = {
			isa = PBXContainerItemProxy;
			containerPortal = 9C79929825701B180072BEE2 /* Project object */;
			proxyType = 1;
			remoteGlobalIDString = 9C79929F25701B180072BEE2;
			remoteInfo = sunshine;
		};
		9C7992C225701B1D0072BEE2 /* PBXContainerItemProxy */ = {
			isa = PBXContainerItemProxy;
			containerPortal = 9C79929825701B180072BEE2 /* Project object */;
			proxyType = 1;
			remoteGlobalIDString = 9C79929F25701B180072BEE2;
			remoteInfo = sunshine;
		};
/* End PBXContainerItemProxy section */

/* Begin PBXFileReference section */
		9C7992A025701B180072BEE2 /* sunshine.app */ = {isa = PBXFileReference; explicitFileType = wrapper.application; includeInIndex = 0; path = sunshine.app; sourceTree = BUILT_PRODUCTS_DIR; };
		9C7992A325701B180072BEE2 /* sunshineApp.swift */ = {isa = PBXFileReference; lastKnownFileType = sourcecode.swift; path = sunshineApp.swift; sourceTree = "<group>"; };
		9C7992A525701B180072BEE2 /* ContentView.swift */ = {isa = PBXFileReference; lastKnownFileType = sourcecode.swift; path = ContentView.swift; sourceTree = "<group>"; };
		9C7992A725701B1D0072BEE2 /* Assets.xcassets */ = {isa = PBXFileReference; lastKnownFileType = folder.assetcatalog; path = Assets.xcassets; sourceTree = "<group>"; };
		9C7992AA25701B1D0072BEE2 /* Preview Assets.xcassets */ = {isa = PBXFileReference; lastKnownFileType = folder.assetcatalog; path = "Preview Assets.xcassets"; sourceTree = "<group>"; };
		9C7992AC25701B1D0072BEE2 /* Persistence.swift */ = {isa = PBXFileReference; lastKnownFileType = sourcecode.swift; path = Persistence.swift; sourceTree = "<group>"; };
		9C7992AF25701B1D0072BEE2 /* sunshine.xcdatamodel */ = {isa = PBXFileReference; lastKnownFileType = wrapper.xcdatamodel; path = sunshine.xcdatamodel; sourceTree = "<group>"; };
		9C7992B125701B1D0072BEE2 /* Info.plist */ = {isa = PBXFileReference; lastKnownFileType = text.plist.xml; path = Info.plist; sourceTree = "<group>"; };
		9C7992B625701B1D0072BEE2 /* sunshineTests.xctest */ = {isa = PBXFileReference; explicitFileType = wrapper.cfbundle; includeInIndex = 0; path = sunshineTests.xctest; sourceTree = BUILT_PRODUCTS_DIR; };
		9C7992BA25701B1D0072BEE2 /* sunshineTests.swift */ = {isa = PBXFileReference; lastKnownFileType = sourcecode.swift; path = sunshineTests.swift; sourceTree = "<group>"; };
		9C7992BC25701B1D0072BEE2 /* Info.plist */ = {isa = PBXFileReference; lastKnownFileType = text.plist.xml; path = Info.plist; sourceTree = "<group>"; };
		9C7992C125701B1D0072BEE2 /* sunshineUITests.xctest */ = {isa = PBXFileReference; explicitFileType = wrapper.cfbundle; includeInIndex = 0; path = sunshineUITests.xctest; sourceTree = BUILT_PRODUCTS_DIR; };
		9C7992C525701B1D0072BEE2 /* sunshineUITests.swift */ = {isa = PBXFileReference; lastKnownFileType = sourcecode.swift; path = sunshineUITests.swift; sourceTree = "<group>"; };
		9C7992C725701B1D0072BEE2 /* Info.plist */ = {isa = PBXFileReference; lastKnownFileType = text.plist.xml; path = Info.plist; sourceTree = "<group>"; };
/* End PBXFileReference section */

/* Begin PBXFrameworksBuildPhase section */
		9C79929D25701B180072BEE2 /* Frameworks */ = {
			isa = PBXFrameworksBuildPhase;
			buildActionMask = 2147483647;
			files = (
			);
			runOnlyForDeploymentPostprocessing = 0;
		};
		9C7992B325701B1D0072BEE2 /* Frameworks */ = {
			isa = PBXFrameworksBuildPhase;
			buildActionMask = 2147483647;
			files = (
			);
			runOnlyForDeploymentPostprocessing = 0;
		};
		9C7992BE25701B1D0072BEE2 /* Frameworks */ = {
			isa = PBXFrameworksBuildPhase;
			buildActionMask = 2147483647;
			files = (
			);
			runOnlyForDeploymentPostprocessing = 0;
		};
/* End PBXFrameworksBuildPhase section */

/* Begin PBXGroup section */
		9C79929725701B180072BEE2 = {
			isa = PBXGroup;
			children = (
				9C7992A225701B180072BEE2 /* sunshine */,
				9C7992B925701B1D0072BEE2 /* sunshineTests */,
				9C7992C425701B1D0072BEE2 /* sunshineUITests */,
				9C7992A125701B180072BEE2 /* Products */,
			);
			sourceTree = "<group>";
		};
		9C7992A125701B180072BEE2 /* Products */ = {
			isa = PBXGroup;
			children = (
				9C7992A025701B180072BEE2 /* sunshine.app */,
				9C7992B625701B1D0072BEE2 /* sunshineTests.xctest */,
				9C7992C125701B1D0072BEE2 /* sunshineUITests.xctest */,
			);
			name = Products;
			sourceTree = "<group>";
		};
		9C7992A225701B180072BEE2 /* sunshine */ = {
			isa = PBXGroup;
			children = (
				9C7992A325701B180072BEE2 /* sunshineApp.swift */,
				9C7992A525701B180072BEE2 /* ContentView.swift */,
				9C7992A725701B1D0072BEE2 /* Assets.xcassets */,
				9C7992AC25701B1D0072BEE2 /* Persistence.swift */,
				9C7992B125701B1D0072BEE2 /* Info.plist */,
				9C7992AE25701B1D0072BEE2 /* sunshine.xcdatamodeld */,
				9C7992A925701B1D0072BEE2 /* Preview Content */,
			);
			path = sunshine;
			sourceTree = "<group>";
		};
		9C7992A925701B1D0072BEE2 /* Preview Content */ = {
			isa = PBXGroup;
			children = (
				9C7992AA25701B1D0072BEE2 /* Preview Assets.xcassets */,
			);
			path = "Preview Content";
			sourceTree = "<group>";
		};
		9C7992B925701B1D0072BEE2 /* sunshineTests */ = {
			isa = PBXGroup;
			children = (
				9C7992BA25701B1D0072BEE2 /* sunshineTests.swift */,
				9C7992BC25701B1D0072BEE2 /* Info.plist */,
			);
			path = sunshineTests;
			sourceTree = "<group>";
		};
		9C7992C425701B1D0072BEE2 /* sunshineUITests */ = {
			isa = PBXGroup;
			children = (
				9C7992C525701B1D0072BEE2 /* sunshineUITests.swift */,
				9C7992C725701B1D0072BEE2 /* Info.plist */,
			);
			path = sunshineUITests;
			sourceTree = "<group>";
		};
/* End PBXGroup section */

/* Begin PBXNativeTarget section */
		9C79929F25701B180072BEE2 /* sunshine */ = {
			isa = PBXNativeTarget;
			buildConfigurationList = 9C7992CA25701B1D0072BEE2 /* Build configuration list for PBXNativeTarget "sunshine" */;
			buildPhases = (
				9C79929C25701B180072BEE2 /* Sources */,
				9C79929D25701B180072BEE2 /* Frameworks */,
				9C79929E25701B180072BEE2 /* Resources */,
			);
			buildRules = (
			);
			dependencies = (
			);
			name = sunshine;
			productName = sunshine;
			productReference = 9C7992A025701B180072BEE2 /* sunshine.app */;
			productType = "com.apple.product-type.application";
		};
		9C7992B525701B1D0072BEE2 /* sunshineTests */ = {
			isa = PBXNativeTarget;
			buildConfigurationList = 9C7992CD25701B1D0072BEE2 /* Build configuration list for PBXNativeTarget "sunshineTests" */;
			buildPhases = (
				9C7992B225701B1D0072BEE2 /* Sources */,
				9C7992B325701B1D0072BEE2 /* Frameworks */,
				9C7992B425701B1D0072BEE2 /* Resources */,
			);
			buildRules = (
			);
			dependencies = (
				9C7992B825701B1D0072BEE2 /* PBXTargetDependency */,
			);
			name = sunshineTests;
			productName = sunshineTests;
			productReference = 9C7992B625701B1D0072BEE2 /* sunshineTests.xctest */;
			productType = "com.apple.product-type.bundle.unit-test";
		};
		9C7992C025701B1D0072BEE2 /* sunshineUITests */ = {
			isa = PBXNativeTarget;
			buildConfigurationList = 9C7992D025701B1D0072BEE2 /* Build configuration list for PBXNativeTarget "sunshineUITests" */;
			buildPhases = (
				9C7992BD25701B1D0072BEE2 /* Sources */,
				9C7992BE25701B1D0072BEE2 /* Frameworks */,
				9C7992BF25701B1D0072BEE2 /* Resources */,
			);
			buildRules = (
			);
			dependencies = (
				9C7992C325701B1D0072BEE2 /* PBXTargetDependency */,
			);
			name = sunshineUITests;
			productName = sunshineUITests;
			productReference = 9C7992C125701B1D0072BEE2 /* sunshineUITests.xctest */;
			productType = "com.apple.product-type.bundle.ui-testing";
		};
/* End PBXNativeTarget section */

/* Begin PBXProject section */
		9C79929825701B180072BEE2 /* Project object */ = {
			isa = PBXProject;
			attributes = {
				LastSwiftUpdateCheck = 1220;
				LastUpgradeCheck = 1220;
				TargetAttributes = {
					9C79929F25701B180072BEE2 = {
						CreatedOnToolsVersion = 12.2;
					};
					9C7992B525701B1D0072BEE2 = {
						CreatedOnToolsVersion = 12.2;
						TestTargetID = 9C79929F25701B180072BEE2;
					};
					9C7992C025701B1D0072BEE2 = {
						CreatedOnToolsVersion = 12.2;
						TestTargetID = 9C79929F25701B180072BEE2;
					};
				};
			};
			buildConfigurationList = 9C79929B25701B180072BEE2 /* Build configuration list for PBXProject "sunshine" */;
			compatibilityVersion = "Xcode 9.3";
			developmentRegion = en;
			hasScannedForEncodings = 0;
			knownRegions = (
				en,
				Base,
			);
			mainGroup = 9C79929725701B180072BEE2;
			productRefGroup = 9C7992A125701B180072BEE2 /* Products */;
			projectDirPath = "";
			projectRoot = "";
			targets = (
				9C79929F25701B180072BEE2 /* sunshine */,
				9C7992B525701B1D0072BEE2 /* sunshineTests */,
				9C7992C025701B1D0072BEE2 /* sunshineUITests */,
			);
		};
/* End PBXProject section */

/* Begin PBXResourcesBuildPhase section */
		9C79929E25701B180072BEE2 /* Resources */ = {
			isa = PBXResourcesBuildPhase;
			buildActionMask = 2147483647;
			files = (
				9C7992AB25701B1D0072BEE2 /* Preview Assets.xcassets in Resources */,
				9C7992A825701B1D0072BEE2 /* Assets.xcassets in Resources */,
			);
			runOnlyForDeploymentPostprocessing = 0;
		};
		9C7992B425701B1D0072BEE2 /* Resources */ = {
			isa = PBXResourcesBuildPhase;
			buildActionMask = 2147483647;
			files = (
			);
			runOnlyForDeploymentPostprocessing = 0;
		};
		9C7992BF25701B1D0072BEE2 /* Resources */ = {
			isa = PBXResourcesBuildPhase;
			buildActionMask = 2147483647;
			files = (
			);
			runOnlyForDeploymentPostprocessing = 0;
		};
/* End PBXResourcesBuildPhase section */

/* Begin PBXSourcesBuildPhase section */
		9C79929C25701B180072BEE2 /* Sources */ = {
			isa = PBXSourcesBuildPhase;
			buildActionMask = 2147483647;
			files = (
				9C7992AD25701B1D0072BEE2 /* Persistence.swift in Sources */,
				9C7992A625701B180072BEE2 /* ContentView.swift in Sources */,
				9C7992B025701B1D0072BEE2 /* sunshine.xcdatamodeld in Sources */,
				9C7992A425701B180072BEE2 /* sunshineApp.swift in Sources */,
			);
			runOnlyForDeploymentPostprocessing = 0;
		};
		9C7992B225701B1D0072BEE2 /* Sources */ = {
			isa = PBXSourcesBuildPhase;
			buildActionMask = 2147483647;
			files = (
				9C7992BB25701B1D0072BEE2 /* sunshineTests.swift in Sources */,
			);
			runOnlyForDeploymentPostprocessing = 0;
		};
		9C7992BD25701B1D0072BEE2 /* Sources */ = {
			isa = PBXSourcesBuildPhase;
			buildActionMask = 2147483647;
			files = (
				9C7992C625701B1D0072BEE2 /* sunshineUITests.swift in Sources */,
			);
			runOnlyForDeploymentPostprocessing = 0;
		};
/* End PBXSourcesBuildPhase section */

/* Begin PBXTargetDependency section */
		9C7992B825701B1D0072BEE2 /* PBXTargetDependency */ = {
			isa = PBXTargetDependency;
			target = 9C79929F25701B180072BEE2 /* sunshine */;
			targetProxy = 9C7992B725701B1D0072BEE2 /* PBXContainerItemProxy */;
		};
		9C7992C325701B1D0072BEE2 /* PBXTargetDependency */ = {
			isa = PBXTargetDependency;
			target = 9C79929F25701B180072BEE2 /* sunshine */;
			targetProxy = 9C7992C225701B1D0072BEE2 /* PBXContainerItemProxy */;
		};
/* End PBXTargetDependency section */

/* Begin XCBuildConfiguration section */
		9C7992C825701B1D0072BEE2 /* Debug */ = {
			isa = XCBuildConfiguration;
			buildSettings = {
				ALWAYS_SEARCH_USER_PATHS = NO;
				CLANG_ANALYZER_NONNULL = YES;
				CLANG_ANALYZER_NUMBER_OBJECT_CONVERSION = YES_AGGRESSIVE;
				CLANG_CXX_LANGUAGE_STANDARD = "gnu++14";
				CLANG_CXX_LIBRARY = "libc++";
				CLANG_ENABLE_MODULES = YES;
				CLANG_ENABLE_OBJC_ARC = YES;
				CLANG_ENABLE_OBJC_WEAK = YES;
				CLANG_WARN_BLOCK_CAPTURE_AUTORELEASING = YES;
				CLANG_WARN_BOOL_CONVERSION = YES;
				CLANG_WARN_COMMA = YES;
				CLANG_WARN_CONSTANT_CONVERSION = YES;
				CLANG_WARN_DEPRECATED_OBJC_IMPLEMENTATIONS = YES;
				CLANG_WARN_DIRECT_OBJC_ISA_USAGE = YES_ERROR;
				CLANG_WARN_DOCUMENTATION_COMMENTS = YES;
				CLANG_WARN_EMPTY_BODY = YES;
				CLANG_WARN_ENUM_CONVERSION = YES;
				CLANG_WARN_INFINITE_RECURSION = YES;
				CLANG_WARN_INT_CONVERSION = YES;
				CLANG_WARN_NON_LITERAL_NULL_CONVERSION = YES;
				CLANG_WARN_OBJC_IMPLICIT_RETAIN_SELF = YES;
				CLANG_WARN_OBJC_LITERAL_CONVERSION = YES;
				CLANG_WARN_OBJC_ROOT_CLASS = YES_ERROR;
				CLANG_WARN_QUOTED_INCLUDE_IN_FRAMEWORK_HEADER = YES;
				CLANG_WARN_RANGE_LOOP_ANALYSIS = YES;
				CLANG_WARN_STRICT_PROTOTYPES = YES;
				CLANG_WARN_SUSPICIOUS_MOVE = YES;
				CLANG_WARN_UNGUARDED_AVAILABILITY = YES_AGGRESSIVE;
				CLANG_WARN_UNREACHABLE_CODE = YES;
				CLANG_WARN__DUPLICATE_METHOD_MATCH = YES;
				COPY_PHASE_STRIP = NO;
				DEBUG_INFORMATION_FORMAT = dwarf;
				ENABLE_STRICT_OBJC_MSGSEND = YES;
				ENABLE_TESTABILITY = YES;
				GCC_C_LANGUAGE_STANDARD = gnu11;
				GCC_DYNAMIC_NO_PIC = NO;
				GCC_NO_COMMON_BLOCKS = YES;
				GCC_OPTIMIZATION_LEVEL = 0;
				GCC_PREPROCESSOR_DEFINITIONS = (
					"DEBUG=1",
					"$(inherited)",
				);
				GCC_WARN_64_TO_32_BIT_CONVERSION = YES;
				GCC_WARN_ABOUT_RETURN_TYPE = YES_ERROR;
				GCC_WARN_UNDECLARED_SELECTOR = YES;
				GCC_WARN_UNINITIALIZED_AUTOS = YES_AGGRESSIVE;
				GCC_WARN_UNUSED_FUNCTION = YES;
				GCC_WARN_UNUSED_VARIABLE = YES;
				IPHONEOS_DEPLOYMENT_TARGET = 14.2;
				MTL_ENABLE_DEBUG_INFO = INCLUDE_SOURCE;
				MTL_FAST_MATH = YES;
				ONLY_ACTIVE_ARCH = YES;
				SDKROOT = iphoneos;
				SWIFT_ACTIVE_COMPILATION_CONDITIONS = DEBUG;
				SWIFT_OPTIMIZATION_LEVEL = "-Onone";
			};
			name = Debug;
		};
		9C7992C925701B1D0072BEE2 /* Release */ = {
			isa = XCBuildConfiguration;
			buildSettings = {
				ALWAYS_SEARCH_USER_PATHS = NO;
				CLANG_ANALYZER_NONNULL = YES;
				CLANG_ANALYZER_NUMBER_OBJECT_CONVERSION = YES_AGGRESSIVE;
				CLANG_CXX_LANGUAGE_STANDARD = "gnu++14";
				CLANG_CXX_LIBRARY = "libc++";
				CLANG_ENABLE_MODULES = YES;
				CLANG_ENABLE_OBJC_ARC = YES;
				CLANG_ENABLE_OBJC_WEAK = YES;
				CLANG_WARN_BLOCK_CAPTURE_AUTORELEASING = YES;
				CLANG_WARN_BOOL_CONVERSION = YES;
				CLANG_WARN_COMMA = YES;
				CLANG_WARN_CONSTANT_CONVERSION = YES;
				CLANG_WARN_DEPRECATED_OBJC_IMPLEMENTATIONS = YES;
				CLANG_WARN_DIRECT_OBJC_ISA_USAGE = YES_ERROR;
				CLANG_WARN_DOCUMENTATION_COMMENTS = YES;
				CLANG_WARN_EMPTY_BODY = YES;
				CLANG_WARN_ENUM_CONVERSION = YES;
				CLANG_WARN_INFINITE_RECURSION = YES;
				CLANG_WARN_INT_CONVERSION = YES;
				CLANG_WARN_NON_LITERAL_NULL_CONVERSION = YES;
				CLANG_WARN_OBJC_IMPLICIT_RETAIN_SELF = YES;
				CLANG_WARN_OBJC_LITERAL_CONVERSION = YES;
				CLANG_WARN_OBJC_ROOT_CLASS = YES_ERROR;
				CLANG_WARN_QUOTED_INCLUDE_IN_FRAMEWORK_HEADER = YES;
				CLANG_WARN_RANGE_LOOP_ANALYSIS = YES;
				CLANG_WARN_STRICT_PROTOTYPES = YES;
				CLANG_WARN_SUSPICIOUS_MOVE = YES;
				CLANG_WARN_UNGUARDED_AVAILABILITY = YES_AGGRESSIVE;
				CLANG_WARN_UNREACHABLE_CODE = YES;
				CLANG_WARN__DUPLICATE_METHOD_MATCH = YES;
				COPY_PHASE_STRIP = NO;
				DEBUG_INFORMATION_FORMAT = "dwarf-with-dsym";
				ENABLE_NS_ASSERTIONS = NO;
				ENABLE_STRICT_OBJC_MSGSEND = YES;
				GCC_C_LANGUAGE_STANDARD = gnu11;
				GCC_NO_COMMON_BLOCKS = YES;
				GCC_WARN_64_TO_32_BIT_CONVERSION = YES;
				GCC_WARN_ABOUT_RETURN_TYPE = YES_ERROR;
				GCC_WARN_UNDECLARED_SELECTOR = YES;
				GCC_WARN_UNINITIALIZED_AUTOS = YES_AGGRESSIVE;
				GCC_WARN_UNUSED_FUNCTION = YES;
				GCC_WARN_UNUSED_VARIABLE = YES;
				IPHONEOS_DEPLOYMENT_TARGET = 14.2;
				MTL_ENABLE_DEBUG_INFO = NO;
				MTL_FAST_MATH = YES;
				SDKROOT = iphoneos;
				SWIFT_COMPILATION_MODE = wholemodule;
				SWIFT_OPTIMIZATION_LEVEL = "-O";
				VALIDATE_PRODUCT = YES;
			};
			name = Release;
		};
		9C7992CB25701B1D0072BEE2 /* Debug */ = {
			isa = XCBuildConfiguration;
			buildSettings = {
				ASSETCATALOG_COMPILER_APPICON_NAME = AppIcon;
				ASSETCATALOG_COMPILER_GLOBAL_ACCENT_COLOR_NAME = AccentColor;
				CODE_SIGN_STYLE = Automatic;
				DEVELOPMENT_ASSET_PATHS = "\"sunshine/Preview Content\"";
				DEVELOPMENT_TEAM = SF87CBF59Z;
				ENABLE_PREVIEWS = YES;
				INFOPLIST_FILE = sunshine/Info.plist;
				IPHONEOS_DEPLOYMENT_TARGET = 14.0;
				LD_RUNPATH_SEARCH_PATHS = (
					"$(inherited)",
					"@executable_path/Frameworks",
				);
				PRODUCT_BUNDLE_IDENTIFIER = com.maximeheckel.sunshine;
				PRODUCT_NAME = "$(TARGET_NAME)";
				SWIFT_VERSION = 5.0;
				TARGETED_DEVICE_FAMILY = "1,2";
			};
			name = Debug;
		};
		9C7992CC25701B1D0072BEE2 /* Release */ = {
			isa = XCBuildConfiguration;
			buildSettings = {
				ASSETCATALOG_COMPILER_APPICON_NAME = AppIcon;
				ASSETCATALOG_COMPILER_GLOBAL_ACCENT_COLOR_NAME = AccentColor;
				CODE_SIGN_STYLE = Automatic;
				DEVELOPMENT_ASSET_PATHS = "\"sunshine/Preview Content\"";
				DEVELOPMENT_TEAM = SF87CBF59Z;
				ENABLE_PREVIEWS = YES;
				INFOPLIST_FILE = sunshine/Info.plist;
				IPHONEOS_DEPLOYMENT_TARGET = 14.0;
				LD_RUNPATH_SEARCH_PATHS = (
					"$(inherited)",
					"@executable_path/Frameworks",
				);
				PRODUCT_BUNDLE_IDENTIFIER = com.maximeheckel.sunshine;
				PRODUCT_NAME = "$(TARGET_NAME)";
				SWIFT_VERSION = 5.0;
				TARGETED_DEVICE_FAMILY = "1,2";
			};
			name = Release;
		};
		9C7992CE25701B1D0072BEE2 /* Debug */ = {
			isa = XCBuildConfiguration;
			buildSettings = {
				ALWAYS_EMBED_SWIFT_STANDARD_LIBRARIES = YES;
				BUNDLE_LOADER = "$(TEST_HOST)";
				CODE_SIGN_STYLE = Automatic;
				DEVELOPMENT_TEAM = SF87CBF59Z;
				INFOPLIST_FILE = sunshineTests/Info.plist;
				IPHONEOS_DEPLOYMENT_TARGET = 14.0;
				LD_RUNPATH_SEARCH_PATHS = (
					"$(inherited)",
					"@executable_path/Frameworks",
					"@loader_path/Frameworks",
				);
				PRODUCT_BUNDLE_IDENTIFIER = com.maximeheckel.sunshineTests;
				PRODUCT_NAME = "$(TARGET_NAME)";
				SWIFT_VERSION = 5.0;
				TARGETED_DEVICE_FAMILY = "1,2";
				TEST_HOST = "$(BUILT_PRODUCTS_DIR)/sunshine.app/sunshine";
			};
			name = Debug;
		};
		9C7992CF25701B1D0072BEE2 /* Release */ = {
			isa = XCBuildConfiguration;
			buildSettings = {
				ALWAYS_EMBED_SWIFT_STANDARD_LIBRARIES = YES;
				BUNDLE_LOADER = "$(TEST_HOST)";
				CODE_SIGN_STYLE = Automatic;
				DEVELOPMENT_TEAM = SF87CBF59Z;
				INFOPLIST_FILE = sunshineTests/Info.plist;
				IPHONEOS_DEPLOYMENT_TARGET = 14.0;
				LD_RUNPATH_SEARCH_PATHS = (
					"$(inherited)",
					"@executable_path/Frameworks",
					"@loader_path/Frameworks",
				);
				PRODUCT_BUNDLE_IDENTIFIER = com.maximeheckel.sunshineTests;
				PRODUCT_NAME = "$(TARGET_NAME)";
				SWIFT_VERSION = 5.0;
				TARGETED_DEVICE_FAMILY = "1,2";
				TEST_HOST = "$(BUILT_PRODUCTS_DIR)/sunshine.app/sunshine";
			};
			name = Release;
		};
		9C7992D125701B1D0072BEE2 /* Debug */ = {
			isa = XCBuildConfiguration;
			buildSettings = {
				ALWAYS_EMBED_SWIFT_STANDARD_LIBRARIES = YES;
				CODE_SIGN_STYLE = Automatic;
				DEVELOPMENT_TEAM = SF87CBF59Z;
				INFOPLIST_FILE = sunshineUITests/Info.plist;
				LD_RUNPATH_SEARCH_PATHS = (
					"$(inherited)",
					"@executable_path/Frameworks",
					"@loader_path/Frameworks",
				);
				PRODUCT_BUNDLE_IDENTIFIER = com.maximeheckel.sunshineUITests;
				PRODUCT_NAME = "$(TARGET_NAME)";
				SWIFT_VERSION = 5.0;
				TARGETED_DEVICE_FAMILY = "1,2";
				TEST_TARGET_NAME = sunshine;
			};
			name = Debug;
		};
		9C7992D225701B1D0072BEE2 /* Release */ = {
			isa = XCBuildConfiguration;
			buildSettings = {
				ALWAYS_EMBED_SWIFT_STANDARD_LIBRARIES = YES;
				CODE_SIGN_STYLE = Automatic;
				DEVELOPMENT_TEAM = SF87CBF59Z;
				INFOPLIST_FILE = sunshineUITests/Info.plist;
				LD_RUNPATH_SEARCH_PATHS = (
					"$(inherited)",
					"@executable_path/Frameworks",
					"@loader_path/Frameworks",
				);
				PRODUCT_BUNDLE_IDENTIFIER = com.maximeheckel.sunshineUITests;
				PRODUCT_NAME = "$(TARGET_NAME)";
				SWIFT_VERSION = 5.0;
				TARGETED_DEVICE_FAMILY = "1,2";
				TEST_TARGET_NAME = sunshine;
			};
			name = Release;
		};
/* End XCBuildConfiguration section */

/* Begin XCConfigurationList section */
		9C79929B25701B180072BEE2 /* Build configuration list for PBXProject "sunshine" */ = {
			isa = XCConfigurationList;
			buildConfigurations = (
				9C7992C825701B1D0072BEE2 /* Debug */,
				9C7992C925701B1D0072BEE2 /* Release */,
			);
			defaultConfigurationIsVisible = 0;
			defaultConfigurationName = Release;
		};
		9C7992CA25701B1D0072BEE2 /* Build configuration list for PBXNativeTarget "sunshine" */ = {
			isa = XCConfigurationList;
			buildConfigurations = (
				9C7992CB25701B1D0072BEE2 /* Debug */,
				9C7992CC25701B1D0072BEE2 /* Release */,
			);
			defaultConfigurationIsVisible = 0;
			defaultConfigurationName = Release;
		};
		9C7992CD25701B1D0072BEE2 /* Build configuration list for PBXNativeTarget "sunshineTests" */ = {
			isa = XCConfigurationList;
			buildConfigurations = (
				9C7992CE25701B1D0072BEE2 /* Debug */,
				9C7992CF25701B1D0072BEE2 /* Release */,
			);
			defaultConfigurationIsVisible = 0;
			defaultConfigurationName = Release;
		};
		9C7992D025701B1D0072BEE2 /* Build configuration list for PBXNativeTarget "sunshineUITests" */ = {
			isa = XCConfigurationList;
			buildConfigurations = (
				9C7992D125701B1D0072BEE2 /* Debug */,
				9C7992D225701B1D0072BEE2 /* Release */,
			);
			defaultConfigurationIsVisible = 0;
			defaultConfigurationName = Release;
		};
/* End XCConfigurationList section */

/* Begin XCVersionGroup section */
		9C7992AE25701B1D0072BEE2 /* sunshine.xcdatamodeld */ = {
			isa = XCVersionGroup;
			children = (
				9C7992AF25701B1D0072BEE2 /* sunshine.xcdatamodel */,
			);
			currentVersion = 9C7992AF25701B1D0072BEE2 /* sunshine.xcdatamodel */;
			path = sunshine.xcdatamodeld;
			sourceTree = "<group>";
			versionGroupType = wrapper.xcdatamodel;
		};
/* End XCVersionGroup section */
	};
	rootObject = 9C79929825701B180072BEE2 /* Project object */;
}
